
Microsoft Visual Studio Solution File, Format Version 12.00
# Visual Studio Version 17
VisualStudioVersion = 17.0.32126.317
MinimumVisualStudioVersion = 10.0.40219.1
Project("{FAE04EC0-301F-11D3-BF4B-00C04F79EFBC}") = "Web2.4", "Web2.4\Web2.4.csproj", "{1C613312-24FE-44AD-A846-162C0B9CC99B}"
EndProject
Global
	GlobalSection(SolutionConfigurationPlatforms) = preSolution
		Debug|Any CPU = Debug|Any CPU
		Release|Any CPU = Release|Any CPU
	EndGlobalSection
	GlobalSection(ProjectConfigurationPlatforms) = postSolution
		{1C613312-24FE-44AD-A846-162C0B9CC99B}.Debug|Any CPU.ActiveCfg = Debug|Any CPU
		{1C613312-24FE-44AD-A846-162C0B9CC99B}.Debug|Any CPU.Build.0 = Debug|Any CPU
		{1C613312-24FE-44AD-A846-162C0B9CC99B}.Release|Any CPU.ActiveCfg = Release|Any CPU
		{1C613312-24FE-44AD-A846-162C0B9CC99B}.Release|Any CPU.Build.0 = Release|Any CPU
	EndGlobalSection
	GlobalSection(SolutionProperties) = preSolution
		HideSolutionNode = FALSE
	EndGlobalSection
	GlobalSection(ExtensibilityGlobals) = postSolution
		SolutionGuid = {D864ECA5-9333-48EA-8F0C-BE74F0F918B9}
	EndGlobalSection
EndGlobal
